
Microsoft Visual Studio Solution File, Format Version 12.00
# Visual Studio Version 17
VisualStudioVersion = 17.5.002.0
MinimumVisualStudioVersion = 10.0.40219.1
Project("{9A19103F-16F7-4668-BE54-9A1E7A4F7556}") = "_ArrayQuest", "_ArrayQuest.csproj", "{20620426-BE99-47F7-8639-796C41B8BEC6}"
EndProject
Global
	GlobalSection(SolutionConfigurationPlatforms) = preSolution
		Debug|Any CPU = Debug|Any CPU
		Release|Any CPU = Release|Any CPU
	EndGlobalSection
	GlobalSection(ProjectConfigurationPlatforms) = postSolution
		{20620426-BE99-47F7-8639-796C41B8BEC6}.Debug|Any CPU.ActiveCfg = Debug|Any CPU
		{20620426-BE99-47F7-8639-796C41B8BEC6}.Debug|Any CPU.Build.0 = Debug|Any CPU
		{20620426-BE99-47F7-8639-796C41B8BEC6}.Release|Any CPU.ActiveCfg = Release|Any CPU
		{20620426-BE99-47F7-8639-796C41B8BEC6}.Release|Any CPU.Build.0 = Release|Any CPU
	EndGlobalSection
	GlobalSection(SolutionProperties) = preSolution
		HideSolutionNode = FALSE
	EndGlobalSection
	GlobalSection(ExtensibilityGlobals) = postSolution
		SolutionGuid = {1A1D192A-8960-4FEF-AEBB-45C2BE8F2DF0}
	EndGlobalSection
EndGlobal
